PODS:
  - contextual_menu (0.0.1):
    - FlutterMacOS
  - FlutterMacOS (1.0.0)
  - FMDB (2.7.5):
    - FMDB/standard (= 2.7.5)
  - FMDB/standard (2.7.5)
  - macos_ui (0.1.0):
    - FlutterMacOS
  - macos_window_utils (1.0.0):
    - FlutterMacOS
  - pasteboard (0.0.1):
    - FlutterMacOS
  - path_provider_foundation (0.0.1):
    - Flutter
    - FlutterMacOS
  - screen_retriever (0.0.1):
    - FlutterMacOS
  - shared_preferences_foundation (0.0.1):
    - Flutter
    - FlutterMacOS
  - sqflite (0.0.2):
    - FlutterMacOS
    - FMDB (>= 2.7.5)
  - taglib_ffi (1.0.0):
    - FlutterMacOS
  - window_manager (0.2.0):
    - FlutterMacOS

DEPENDENCIES:
  - contextual_menu (from `Flutter/ephemeral/.symlinks/plugins/contextual_menu/macos`)
  - FlutterMacOS (from `Flutter/ephemeral`)
  - macos_ui (from `Flutter/ephemeral/.symlinks/plugins/macos_ui/macos`)
  - macos_window_utils (from `Flutter/ephemeral/.symlinks/plugins/macos_window_utils/macos`)
  - pasteboard (from `Flutter/ephemeral/.symlinks/plugins/pasteboard/macos`)
  - path_provider_foundation (from `Flutter/ephemeral/.symlinks/plugins/path_provider_foundation/macos`)
  - screen_retriever (from `Flutter/ephemeral/.symlinks/plugins/screen_retriever/macos`)
  - shared_preferences_foundation (from `Flutter/ephemeral/.symlinks/plugins/shared_preferences_foundation/macos`)
  - sqflite (from `Flutter/ephemeral/.symlinks/plugins/sqflite/macos`)
  - taglib_ffi (from `Flutter/ephemeral/.symlinks/plugins/taglib_ffi/macos`)
  - window_manager (from `Flutter/ephemeral/.symlinks/plugins/window_manager/macos`)

SPEC REPOS:
  trunk:
    - FMDB

EXTERNAL SOURCES:
  contextual_menu:
    :path: Flutter/ephemeral/.symlinks/plugins/contextual_menu/macos
  FlutterMacOS:
    :path: Flutter/ephemeral
  macos_ui:
    :path: Flutter/ephemeral/.symlinks/plugins/macos_ui/macos
  macos_window_utils:
    :path: Flutter/ephemeral/.symlinks/plugins/macos_window_utils/macos
  pasteboard:
    :path: Flutter/ephemeral/.symlinks/plugins/pasteboard/macos
  path_provider_foundation:
    :path: Flutter/ephemeral/.symlinks/plugins/path_provider_foundation/macos
  screen_retriever:
    :path: Flutter/ephemeral/.symlinks/plugins/screen_retriever/macos
  shared_preferences_foundation:
    :path: Flutter/ephemeral/.symlinks/plugins/shared_preferences_foundation/macos
  sqflite:
    :path: Flutter/ephemeral/.symlinks/plugins/sqflite/macos
  taglib_ffi:
    :path: Flutter/ephemeral/.symlinks/plugins/taglib_ffi/macos
  window_manager:
    :path: Flutter/ephemeral/.symlinks/plugins/window_manager/macos

SPEC CHECKSUMS:
  contextual_menu: 6d35fb15942c0d8769f5eae8d3bda653994a6f5a
  FlutterMacOS: 8f6f14fa908a6fb3fba0cd85dbd81ec4b251fb24
  FMDB: 2ce00b547f966261cd18927a3ddb07cb6f3db82a
  macos_ui: 6229a8922cd97bafb7d9636c8eb8dfb0744183ca
  macos_window_utils: 933f91f64805e2eb91a5bd057cf97cd097276663
  pasteboard: 9b69dba6fedbb04866be632205d532fe2f6b1d99
  path_provider_foundation: c68054786f1b4f3343858c1e1d0caaded73f0be9
  screen_retriever: 59634572a57080243dd1bf715e55b6c54f241a38
  shared_preferences_foundation: 986fc17f3d3251412d18b0265f9c64113a8c2472
  sqflite: a5789cceda41d54d23f31d6de539d65bb14100ea
  taglib_ffi: aeb37e4b99ae1c39fcdfb4e0e42f7f22242fe5ed
  window_manager: 3a1844359a6295ab1e47659b1a777e36773cd6e8

PODFILE CHECKSUM: ec3a267b951cf4ed1540d33015451fed0e200941

COCOAPODS: 1.12.0
